
Microsoft Visual Studio Solution File, Format Version 12.00
# Visual Studio Version 17
VisualStudioVersion = 17.8.34330.188
MinimumVisualStudioVersion = 10.0.40219.1
Project("{FAE04EC0-301F-11D3-BF4B-00C04F79EFBC}") = "RPA_Teste", "RPA_Teste\RPA_Teste.csproj", "{C7D3EFB9-A0D4-4EA5-BAFA-59BFE754FB5B}"
EndProject
Global
	GlobalSection(SolutionConfigurationPlatforms) = preSolution
		Debug|Any CPU = Debug|Any CPU
		Release|Any CPU = Release|Any CPU
	EndGlobalSection
	GlobalSection(ProjectConfigurationPlatforms) = postSolution
		{C7D3EFB9-A0D4-4EA5-BAFA-59BFE754FB5B}.Debug|Any CPU.ActiveCfg = Debug|Any CPU
		{C7D3EFB9-A0D4-4EA5-BAFA-59BFE754FB5B}.Debug|Any CPU.Build.0 = Debug|Any CPU
		{C7D3EFB9-A0D4-4EA5-BAFA-59BFE754FB5B}.Release|Any CPU.ActiveCfg = Release|Any CPU
		{C7D3EFB9-A0D4-4EA5-BAFA-59BFE754FB5B}.Release|Any CPU.Build.0 = Release|Any CPU
	EndGlobalSection
	GlobalSection(SolutionProperties) = preSolution
		HideSolutionNode = FALSE
	EndGlobalSection
	GlobalSection(ExtensibilityGlobals) = postSolution
		SolutionGuid = {4F956D27-42CC-4D76-9CE1-FFA3D8BBE743}
	EndGlobalSection
EndGlobal
